
Microsoft Visual Studio Solution File, Format Version 11.00
# Visual Studio 2010
Project("{FAE04EC0-301F-11D3-BF4B-00C04F79EFBC}") = "Assembly-CSharp", "Assembly-CSharp.csproj", "{3dceb20f-2c16-d5c9-d2e8-377fbaaacfd4}"
EndProject
Project("{FAE04EC0-301F-11D3-BF4B-00C04F79EFBC}") = "Assembly-CSharp-Editor", "Assembly-CSharp-Editor.csproj", "{2b4e4548-1492-3089-32a7-7ff200f3a67d}"
EndProject
Global
	GlobalSection(SolutionConfigurationPlatforms) = preSolution
		Debug|Any CPU = Debug|Any CPU
	EndGlobalSection
	GlobalSection(ProjectConfigurationPlatforms) = postSolution
		{3dceb20f-2c16-d5c9-d2e8-377fbaaacfd4}.Debug|Any CPU.ActiveCfg = Debug|Any CPU
		{3dceb20f-2c16-d5c9-d2e8-377fbaaacfd4}.Debug|Any CPU.Build.0 = Debug|Any CPU
		{2b4e4548-1492-3089-32a7-7ff200f3a67d}.Debug|Any CPU.ActiveCfg = Debug|Any CPU
		{2b4e4548-1492-3089-32a7-7ff200f3a67d}.Debug|Any CPU.Build.0 = Debug|Any CPU
	EndGlobalSection
	GlobalSection(SolutionProperties) = preSolution
		HideSolutionNode = FALSE
	EndGlobalSection
EndGlobal
